// !$*UTF8*$!
{
	archiveVersion = 1;
	classes = {
	};
	objectVersion = 46;
	objects = {

/* Begin PBXBuildFile section */
		4796865A1951835200FB6A99 /* NumberTileGameViewController.swift in Sources */ = {isa = PBXBuildFile; fileRef = 479686591951835200FB6A99 /* NumberTileGameViewController.swift */; };
		4796865C195183B800FB6A99 /* TileAppearanceProvider.swift in Sources */ = {isa = PBXBuildFile; fileRef = 4796865B195183B800FB6A99 /* TileAppearanceProvider.swift */; };
		479BC2F41956BFFC007892EF /* ScoreView.swift in Sources */ = {isa = PBXBuildFile; fileRef = 479BC2F31956BFFC007892EF /* ScoreView.swift */; };
		479BC2F61956C775007892EF /* ControlView.swift in Sources */ = {isa = PBXBuildFile; fileRef = 479BC2F51956C775007892EF /* ControlView.swift */; };
		479BC2F81956CAB6007892EF /* GameboardView.swift in Sources */ = {isa = PBXBuildFile; fileRef = 479BC2F71956CAB6007892EF /* GameboardView.swift */; };
		47C67161194FCEFB00F29BB8 /* AppDelegate.swift in Sources */ = {isa = PBXBuildFile; fileRef = 47C67160194FCEFB00F29BB8 /* AppDelegate.swift */; };
		47C67166194FCEFB00F29BB8 /* Main.storyboard in Resources */ = {isa = PBXBuildFile; fileRef = 47C67164194FCEFB00F29BB8 /* Main.storyboard */; };
		47C67168194FCEFB00F29BB8 /* Images.xcassets in Resources */ = {isa = PBXBuildFile; fileRef = 47C67167194FCEFB00F29BB8 /* Images.xcassets */; };
		47C67174194FCEFB00F29BB8 /* Custom_2048Tests.swift in Sources */ = {isa = PBXBuildFile; fileRef = 47C67173194FCEFB00F29BB8 /* Custom_2048Tests.swift */; };
		47C67181194FD05A00F29BB8 /* ViewController.swift in Sources */ = {isa = PBXBuildFile; fileRef = 47C6717E194FD05A00F29BB8 /* ViewController.swift */; };
		47C67183194FD08900F29BB8 /* MergeTile.swift in Sources */ = {isa = PBXBuildFile; fileRef = 47C67182194FD08900F29BB8 /* MergeTile.swift */; };
		47C67185194FDD5500F29BB8 /* TileModel.swift in Sources */ = {isa = PBXBuildFile; fileRef = 47C67184194FDD5500F29BB8 /* TileModel.swift */; };
		47C67187194FDEA200F29BB8 /* MoveOrder.swift in Sources */ = {isa = PBXBuildFile; fileRef = 47C67186194FDEA200F29BB8 /* MoveOrder.swift */; };
		47C67189194FF35D00F29BB8 /* GameModel.swift in Sources */ = {isa = PBXBuildFile; fileRef = 47C67188194FF35D00F29BB8 /* GameModel.swift */; };
		47C6718B195006CE00F29BB8 /* QueueCommand.swift in Sources */ = {isa = PBXBuildFile; fileRef = 47C6718A195006CE00F29BB8 /* QueueCommand.swift */; };
		47DD9A0C1952EAB500501A73 /* TileView.swift in Sources */ = {isa = PBXBuildFile; fileRef = 47DD9A0B1952EAB500501A73 /* TileView.swift */; };
/* End PBXBuildFile section */

/* Begin PBXContainerItemProxy section */
		47C6716E194FCEFB00F29BB8 /* PBXContainerItemProxy */ = {
			isa = PBXContainerItemProxy;
			containerPortal = 47C67153194FCEFB00F29BB8 /* Project object */;
			proxyType = 1;
			remoteGlobalIDString = 47C6715A194FCEFB00F29BB8;
			remoteInfo = "Custom-2048";
		};
/* End PBXContainerItemProxy section */

/* Begin PBXFileReference section */
		479686591951835200FB6A99 /* NumberTileGameViewController.swift */ = {isa = PBXFileReference; fileEncoding = 4; lastKnownFileType = sourcecode.swift; path = NumberTileGameViewController.swift; sourceTree = "<group>"; };
		4796865B195183B800FB6A99 /* TileAppearanceProvider.swift */ = {isa = PBXFileReference; fileEncoding = 4; lastKnownFileType = sourcecode.swift; path = TileAppearanceProvider.swift; sourceTree = "<group>"; };
		479BC2F31956BFFC007892EF /* ScoreView.swift */ = {isa = PBXFileReference; fileEncoding = 4; lastKnownFileType = sourcecode.swift; path = ScoreView.swift; sourceTree = "<group>"; };
		479BC2F51956C775007892EF /* ControlView.swift */ = {isa = PBXFileReference; fileEncoding = 4; lastKnownFileType = sourcecode.swift; path = ControlView.swift; sourceTree = "<group>"; };
		479BC2F71956CAB6007892EF /* GameboardView.swift */ = {isa = PBXFileReference; fileEncoding = 4; lastKnownFileType = sourcecode.swift; path = GameboardView.swift; sourceTree = "<group>"; };
		47C6715B194FCEFB00F29BB8 /* Custom-2048.app */ = {isa = PBXFileReference; explicitFileType = wrapper.application; includeInIndex = 0; path = "Custom-2048.app"; sourceTree = BUILT_PRODUCTS_DIR; };
		47C6715F194FCEFB00F29BB8 /* Info.plist */ = {isa = PBXFileReference; lastKnownFileType = text.plist.xml; path = Info.plist; sourceTree = "<group>"; };
		47C67160194FCEFB00F29BB8 /* AppDelegate.swift */ = {isa = PBXFileReference; lastKnownFileType = sourcecode.swift; path = AppDelegate.swift; sourceTree = "<group>"; };
		47C67165194FCEFB00F29BB8 /* Base */ = {isa = PBXFileReference; lastKnownFileType = file.storyboard; name = Base; path = Base.lproj/Main.storyboard; sourceTree = "<group>"; };
		47C67167194FCEFB00F29BB8 /* Images.xcassets */ = {isa = PBXFileReference; lastKnownFileType = folder.assetcatalog; path = Images.xcassets; sourceTree = "<group>"; };
		47C6716D194FCEFB00F29BB8 /* Custom-2048Tests.xctest */ = {isa = PBXFileReference; explicitFileType = wrapper.cfbundle; includeInIndex = 0; path = "Custom-2048Tests.xctest"; sourceTree = BUILT_PRODUCTS_DIR; };
		47C67172194FCEFB00F29BB8 /* Info.plist */ = {isa = PBXFileReference; lastKnownFileType = text.plist.xml; path = Info.plist; sourceTree = "<group>"; };
		47C67173194FCEFB00F29BB8 /* Custom_2048Tests.swift */ = {isa = PBXFileReference; lastKnownFileType = sourcecode.swift; path = Custom_2048Tests.swift; sourceTree = "<group>"; };
		47C6717E194FD05A00F29BB8 /* ViewController.swift */ = {isa = PBXFileReference; fileEncoding = 4; lastKnownFileType = sourcecode.swift; path = ViewController.swift; sourceTree = "<group>"; };
		47C67182194FD08900F29BB8 /* MergeTile.swift */ = {isa = PBXFileReference; fileEncoding = 4; lastKnownFileType = sourcecode.swift; path = MergeTile.swift; sourceTree = "<group>"; };
		47C67184194FDD5500F29BB8 /* TileModel.swift */ = {isa = PBXFileReference; fileEncoding = 4; lastKnownFileType = sourcecode.swift; path = TileModel.swift; sourceTree = "<group>"; };
		47C67186194FDEA200F29BB8 /* MoveOrder.swift */ = {isa = PBXFileReference; fileEncoding = 4; lastKnownFileType = sourcecode.swift; path = MoveOrder.swift; sourceTree = "<group>"; };
		47C67188194FF35D00F29BB8 /* GameModel.swift */ = {isa = PBXFileReference; fileEncoding = 4; lastKnownFileType = sourcecode.swift; path = GameModel.swift; sourceTree = "<group>"; };
		47C6718A195006CE00F29BB8 /* QueueCommand.swift */ = {isa = PBXFileReference; fileEncoding = 4; lastKnownFileType = sourcecode.swift; path = QueueCommand.swift; sourceTree = "<group>"; };
		47DD9A0B1952EAB500501A73 /* TileView.swift */ = {isa = PBXFileReference; fileEncoding = 4; lastKnownFileType = sourcecode.swift; path = TileView.swift; sourceTree = "<group>"; };
/* End PBXFileReference section */

/* Begin PBXFrameworksBuildPhase section */
		47C67158194FCEFB00F29BB8 /* Frameworks */ = {
			isa = PBXFrameworksBuildPhase;
			buildActionMask = 2147483647;
			files = (
			);
			runOnlyForDeploymentPostprocessing = 0;
		};
		47C6716A194FCEFB00F29BB8 /* Frameworks */ = {
			isa = PBXFrameworksBuildPhase;
			buildActionMask = 2147483647;
			files = (
			);
			runOnlyForDeploymentPostprocessing = 0;
		};
/* End PBXFrameworksBuildPhase section */

/* Begin PBXGroup section */
		47C67152194FCEFB00F29BB8 = {
			isa = PBXGroup;
			children = (
				47C6715D194FCEFB00F29BB8 /* Custom-2048 */,
				47C67170194FCEFB00F29BB8 /* Custom-2048Tests */,
				47C6715C194FCEFB00F29BB8 /* Products */,
			);
			sourceTree = "<group>";
		};
		47C6715C194FCEFB00F29BB8 /* Products */ = {
			isa = PBXGroup;
			children = (
				47C6715B194FCEFB00F29BB8 /* Custom-2048.app */,
				47C6716D194FCEFB00F29BB8 /* Custom-2048Tests.xctest */,
			);
			name = Products;
			sourceTree = "<group>";
		};
		47C6715D194FCEFB00F29BB8 /* Custom-2048 */ = {
			isa = PBXGroup;
			children = (
				47C6717D194FD05A00F29BB8 /* Controllers */,
				47C6717F194FD05A00F29BB8 /* Models */,
				47C67180194FD05A00F29BB8 /* Views */,
				47C67160194FCEFB00F29BB8 /* AppDelegate.swift */,
				47C67164194FCEFB00F29BB8 /* Main.storyboard */,
				47C67167194FCEFB00F29BB8 /* Images.xcassets */,
				47C6715E194FCEFB00F29BB8 /* Supporting Files */,
			);
			path = "Custom-2048";
			sourceTree = "<group>";
		};
		47C6715E194FCEFB00F29BB8 /* Supporting Files */ = {
			isa = PBXGroup;
			children = (
				47C6715F194FCEFB00F29BB8 /* Info.plist */,
			);
			name = "Supporting Files";
			sourceTree = "<group>";
		};
		47C67170194FCEFB00F29BB8 /* Custom-2048Tests */ = {
			isa = PBXGroup;
			children = (
				47C67173194FCEFB00F29BB8 /* Custom_2048Tests.swift */,
				47C67171194FCEFB00F29BB8 /* Supporting Files */,
			);
			path = "Custom-2048Tests";
			sourceTree = "<group>";
		};
		47C67171194FCEFB00F29BB8 /* Supporting Files */ = {
			isa = PBXGroup;
			children = (
				47C67172194FCEFB00F29BB8 /* Info.plist */,
			);
			name = "Supporting Files";
			sourceTree = "<group>";
		};
		47C6717D194FD05A00F29BB8 /* Controllers */ = {
			isa = PBXGroup;
			children = (
				47C6717E194FD05A00F29BB8 /* ViewController.swift */,
				479686591951835200FB6A99 /* NumberTileGameViewController.swift */,
			);
			path = Controllers;
			sourceTree = "<group>";
		};
		47C6717F194FD05A00F29BB8 /* Models */ = {
			isa = PBXGroup;
			children = (
				47C67182194FD08900F29BB8 /* MergeTile.swift */,
				47C67184194FDD5500F29BB8 /* TileModel.swift */,
				47C67186194FDEA200F29BB8 /* MoveOrder.swift */,
				47C67188194FF35D00F29BB8 /* GameModel.swift */,
				47C6718A195006CE00F29BB8 /* QueueCommand.swift */,
				4796865B195183B800FB6A99 /* TileAppearanceProvider.swift */,
			);
			path = Models;
			sourceTree = "<group>";
		};
		47C67180194FD05A00F29BB8 /* Views */ = {
			isa = PBXGroup;
			children = (
				47DD9A0B1952EAB500501A73 /* TileView.swift */,
				479BC2F31956BFFC007892EF /* ScoreView.swift */,
				479BC2F51956C775007892EF /* ControlView.swift */,
				479BC2F71956CAB6007892EF /* GameboardView.swift */,
			);
			path = Views;
			sourceTree = "<group>";
		};
/* End PBXGroup section */

/* Begin PBXNativeTarget section */
		47C6715A194FCEFB00F29BB8 /* Custom-2048 */ = {
			isa = PBXNativeTarget;
			buildConfigurationList = 47C67177194FCEFB00F29BB8 /* Build configuration list for PBXNativeTarget "Custom-2048" */;
			buildPhases = (
				47C67157194FCEFB00F29BB8 /* Sources */,
				47C67158194FCEFB00F29BB8 /* Frameworks */,
				47C67159194FCEFB00F29BB8 /* Resources */,
			);
			buildRules = (
			);
			dependencies = (
			);
			name = "Custom-2048";
			productName = "Custom-2048";
			productReference = 47C6715B194FCEFB00F29BB8 /* Custom-2048.app */;
			productType = "com.apple.product-type.application";
		};
		47C6716C194FCEFB00F29BB8 /* Custom-2048Tests */ = {
			isa = PBXNativeTarget;
			buildConfigurationList = 47C6717A194FCEFB00F29BB8 /* Build configuration list for PBXNativeTarget "Custom-2048Tests" */;
			buildPhases = (
				47C67169194FCEFB00F29BB8 /* Sources */,
				47C6716A194FCEFB00F29BB8 /* Frameworks */,
				47C6716B194FCEFB00F29BB8 /* Resources */,
			);
			buildRules = (
			);
			dependencies = (
				47C6716F194FCEFB00F29BB8 /* PBXTargetDependency */,
			);
			name = "Custom-2048Tests";
			productName = "Custom-2048Tests";
			productReference = 47C6716D194FCEFB00F29BB8 /* Custom-2048Tests.xctest */;
			productType = "com.apple.product-type.bundle.unit-test";
		};
/* End PBXNativeTarget section */

/* Begin PBXProject section */
		47C67153194FCEFB00F29BB8 /* Project object */ = {
			isa = PBXProject;
			attributes = {
				LastUpgradeCheck = 0600;
				ORGANIZATIONNAME = liyinjiang;
				TargetAttributes = {
					47C6715A194FCEFB00F29BB8 = {
						CreatedOnToolsVersion = 6.0;
					};
					47C6716C194FCEFB00F29BB8 = {
						CreatedOnToolsVersion = 6.0;
						TestTargetID = 47C6715A194FCEFB00F29BB8;
					};
				};
			};
			buildConfigurationList = 47C67156194FCEFB00F29BB8 /* Build configuration list for PBXProject "Custom-2048" */;
			compatibilityVersion = "Xcode 3.2";
			developmentRegion = English;
			hasScannedForEncodings = 0;
			knownRegions = (
				en,
				Base,
			);
			mainGroup = 47C67152194FCEFB00F29BB8;
			productRefGroup = 47C6715C194FCEFB00F29BB8 /* Products */;
			projectDirPath = "";
			projectRoot = "";
			targets = (
				47C6715A194FCEFB00F29BB8 /* Custom-2048 */,
				47C6716C194FCEFB00F29BB8 /* Custom-2048Tests */,
			);
		};
/* End PBXProject section */

/* Begin PBXResourcesBuildPhase section */
		47C67159194FCEFB00F29BB8 /* Resources */ = {
			isa = PBXResourcesBuildPhase;
			buildActionMask = 2147483647;
			files = (
				47C67166194FCEFB00F29BB8 /* Main.storyboard in Resources */,
				47C67168194FCEFB00F29BB8 /* Images.xcassets in Resources */,
			);
			runOnlyForDeploymentPostprocessing = 0;
		};
		47C6716B194FCEFB00F29BB8 /* Resources */ = {
			isa = PBXResourcesBuildPhase;
			buildActionMask = 2147483647;
			files = (
			);
			runOnlyForDeploymentPostprocessing = 0;
		};
/* End PBXResourcesBuildPhase section */

/* Begin PBXSourcesBuildPhase section */
		47C67157194FCEFB00F29BB8 /* Sources */ = {
			isa = PBXSourcesBuildPhase;
			buildActionMask = 2147483647;
			files = (
				47C67181194FD05A00F29BB8 /* ViewController.swift in Sources */,
				4796865A1951835200FB6A99 /* NumberTileGameViewController.swift in Sources */,
				479BC2F81956CAB6007892EF /* GameboardView.swift in Sources */,
				4796865C195183B800FB6A99 /* TileAppearanceProvider.swift in Sources */,
				47C67187194FDEA200F29BB8 /* MoveOrder.swift in Sources */,
				479BC2F61956C775007892EF /* ControlView.swift in Sources */,
				47C67185194FDD5500F29BB8 /* TileModel.swift in Sources */,
				47C67183194FD08900F29BB8 /* MergeTile.swift in Sources */,
				47C6718B195006CE00F29BB8 /* QueueCommand.swift in Sources */,
				479BC2F41956BFFC007892EF /* ScoreView.swift in Sources */,
				47C67161194FCEFB00F29BB8 /* AppDelegate.swift in Sources */,
				47DD9A0C1952EAB500501A73 /* TileView.swift in Sources */,
				47C67189194FF35D00F29BB8 /* GameModel.swift in Sources */,
			);
			runOnlyForDeploymentPostprocessing = 0;
		};
		47C67169194FCEFB00F29BB8 /* Sources */ = {
			isa = PBXSourcesBuildPhase;
			buildActionMask = 2147483647;
			files = (
				47C67174194FCEFB00F29BB8 /* Custom_2048Tests.swift in Sources */,
			);
			runOnlyForDeploymentPostprocessing = 0;
		};
/* End PBXSourcesBuildPhase section */

/* Begin PBXTargetDependency section */
		47C6716F194FCEFB00F29BB8 /* PBXTargetDependency */ = {
			isa = PBXTargetDependency;
			target = 47C6715A194FCEFB00F29BB8 /* Custom-2048 */;
			targetProxy = 47C6716E194FCEFB00F29BB8 /* PBXContainerItemProxy */;
		};
/* End PBXTargetDependency section */

/* Begin PBXVariantGroup section */
		47C67164194FCEFB00F29BB8 /* Main.storyboard */ = {
			isa = PBXVariantGroup;
			children = (
				47C67165194FCEFB00F29BB8 /* Base */,
			);
			name = Main.storyboard;
			sourceTree = "<group>";
		};
/* End PBXVariantGroup section */

/* Begin XCBuildConfiguration section */
		47C67175194FCEFB00F29BB8 /* Debug */ = {
			isa = XCBuildConfiguration;
			buildSettings = {
				ALWAYS_SEARCH_USER_PATHS = NO;
				CLANG_CXX_LANGUAGE_STANDARD = "gnu++0x";
				CLANG_CXX_LIBRARY = "libc++";
				CLANG_ENABLE_MODULES = YES;
				CLANG_ENABLE_OBJC_ARC = YES;
				CLANG_WARN_BOOL_CONVERSION = YES;
				CLANG_WARN_CONSTANT_CONVERSION = YES;
				CLANG_WARN_DIRECT_OBJC_ISA_USAGE = YES_ERROR;
				CLANG_WARN_EMPTY_BODY = YES;
				CLANG_WARN_ENUM_CONVERSION = YES;
				CLANG_WARN_INT_CONVERSION = YES;
				CLANG_WARN_OBJC_ROOT_CLASS = YES_ERROR;
				CLANG_WARN_UNREACHABLE_CODE = YES;
				CLANG_WARN__DUPLICATE_METHOD_MATCH = YES;
				"CODE_SIGN_IDENTITY[sdk=iphoneos*]" = "iPhone Developer";
				COPY_PHASE_STRIP = NO;
				ENABLE_STRICT_OBJC_MSGSEND = YES;
				GCC_C_LANGUAGE_STANDARD = gnu99;
				GCC_DYNAMIC_NO_PIC = NO;
				GCC_OPTIMIZATION_LEVEL = 0;
				GCC_PREPROCESSOR_DEFINITIONS = (
					"DEBUG=1",
					"$(inherited)",
				);
				GCC_SYMBOLS_PRIVATE_EXTERN = NO;
				GCC_WARN_64_TO_32_BIT_CONVERSION = YES;
				GCC_WARN_ABOUT_RETURN_TYPE = YES_ERROR;
				GCC_WARN_UNDECLARED_SELECTOR = YES;
				GCC_WARN_UNINITIALIZED_AUTOS = YES_AGGRESSIVE;
				GCC_WARN_UNUSED_FUNCTION = YES;
				GCC_WARN_UNUSED_VARIABLE = YES;
				IPHONEOS_DEPLOYMENT_TARGET = 8.0;
				METAL_ENABLE_DEBUG_INFO = YES;
				ONLY_ACTIVE_ARCH = YES;
				SDKROOT = iphoneos;
				SWIFT_OPTIMIZATION_LEVEL = "-Onone";
			};
			name = Debug;
		};
		47C67176194FCEFB00F29BB8 /* Release */ = {
			isa = XCBuildConfiguration;
			buildSettings = {
				ALWAYS_SEARCH_USER_PATHS = NO;
				CLANG_CXX_LANGUAGE_STANDARD = "gnu++0x";
				CLANG_CXX_LIBRARY = "libc++";
				CLANG_ENABLE_MODULES = YES;
				CLANG_ENABLE_OBJC_ARC = YES;
				CLANG_WARN_BOOL_CONVERSION = YES;
				CLANG_WARN_CONSTANT_CONVERSION = YES;
				CLANG_WARN_DIRECT_OBJC_ISA_USAGE = YES_ERROR;
				CLANG_WARN_EMPTY_BODY = YES;
				CLANG_WARN_ENUM_CONVERSION = YES;
				CLANG_WARN_INT_CONVERSION = YES;
				CLANG_WARN_OBJC_ROOT_CLASS = YES_ERROR;
				CLANG_WARN_UNREACHABLE_CODE = YES;
				CLANG_WARN__DUPLICATE_METHOD_MATCH = YES;
				"CODE_SIGN_IDENTITY[sdk=iphoneos*]" = "iPhone Developer";
				COPY_PHASE_STRIP = YES;
				ENABLE_NS_ASSERTIONS = NO;
				ENABLE_STRICT_OBJC_MSGSEND = YES;
				GCC_C_LANGUAGE_STANDARD = gnu99;
				GCC_WARN_64_TO_32_BIT_CONVERSION = YES;
				GCC_WARN_ABOUT_RETURN_TYPE = YES_ERROR;
				GCC_WARN_UNDECLARED_SELECTOR = YES;
				GCC_WARN_UNINITIALIZED_AUTOS = YES_AGGRESSIVE;
				GCC_WARN_UNUSED_FUNCTION = YES;
				GCC_WARN_UNUSED_VARIABLE = YES;
				IPHONEOS_DEPLOYMENT_TARGET = 8.0;
				METAL_ENABLE_DEBUG_INFO = NO;
				SDKROOT = iphoneos;
				VALIDATE_PRODUCT = YES;
			};
			name = Release;
		};
		47C67178194FCEFB00F29BB8 /* Debug */ = {
			isa = XCBuildConfiguration;
			buildSettings = {
				ASSETCATALOG_COMPILER_APPICON_NAME = AppIcon;
				ASSETCATALOG_COMPILER_LAUNCHIMAGE_NAME = LaunchImage;
				INFOPLIST_FILE = "Custom-2048/Info.plist";
				LD_RUNPATH_SEARCH_PATHS = "$(inherited) @executable_path/Frameworks";
				PRODUCT_NAME = "$(TARGET_NAME)";
			};
			name = Debug;
		};
		47C67179194FCEFB00F29BB8 /* Release */ = {
			isa = XCBuildConfiguration;
			buildSettings = {
				ASSETCATALOG_COMPILER_APPICON_NAME = AppIcon;
				ASSETCATALOG_COMPILER_LAUNCHIMAGE_NAME = LaunchImage;
				INFOPLIST_FILE = "Custom-2048/Info.plist";
				LD_RUNPATH_SEARCH_PATHS = "$(inherited) @executable_path/Frameworks";
				PRODUCT_NAME = "$(TARGET_NAME)";
			};
			name = Release;
		};
		47C6717B194FCEFB00F29BB8 /* Debug */ = {
			isa = XCBuildConfiguration;
			buildSettings = {
				BUNDLE_LOADER = "$(BUILT_PRODUCTS_DIR)/Custom-2048.app/Custom-2048";
				FRAMEWORK_SEARCH_PATHS = (
					"$(SDKROOT)/Developer/Library/Frameworks",
					"$(inherited)",
				);
				GCC_PREPROCESSOR_DEFINITIONS = (
					"DEBUG=1",
					"$(inherited)",
				);
				INFOPLIST_FILE = "Custom-2048Tests/Info.plist";
				LD_RUNPATH_SEARCH_PATHS = "$(inherited) @executable_path/Frameworks @loader_path/Frameworks";
				METAL_ENABLE_DEBUG_INFO = YES;
				PRODUCT_NAME = "$(TARGET_NAME)";
				TEST_HOST = "$(BUNDLE_LOADER)";
			};
			name = Debug;
		};
		47C6717C194FCEFB00F29BB8 /* Release */ = {
			isa = XCBuildConfiguration;
			buildSettings = {
				BUNDLE_LOADER = "$(BUILT_PRODUCTS_DIR)/Custom-2048.app/Custom-2048";
				FRAMEWORK_SEARCH_PATHS = (
					"$(SDKROOT)/Developer/Library/Frameworks",
					"$(inherited)",
				);
				INFOPLIST_FILE = "Custom-2048Tests/Info.plist";
				LD_RUNPATH_SEARCH_PATHS = "$(inherited) @executable_path/Frameworks @loader_path/Frameworks";
				METAL_ENABLE_DEBUG_INFO = NO;
				PRODUCT_NAME = "$(TARGET_NAME)";
				TEST_HOST = "$(BUNDLE_LOADER)";
			};
			name = Release;
		};
/* End XCBuildConfiguration section */

/* Begin XCConfigurationList section */
		47C67156194FCEFB00F29BB8 /* Build configuration list for PBXProject "Custom-2048" */ = {
			isa = XCConfigurationList;
			buildConfigurations = (
				47C67175194FCEFB00F29BB8 /* Debug */,
				47C67176194FCEFB00F29BB8 /* Release */,
			);
			defaultConfigurationIsVisible = 0;
			defaultConfigurationName = Release;
		};
		47C67177194FCEFB00F29BB8 /* Build configuration list for PBXNativeTarget "Custom-2048" */ = {
			isa = XCConfigurationList;
			buildConfigurations = (
				47C67178194FCEFB00F29BB8 /* Debug */,
				47C67179194FCEFB00F29BB8 /* Release */,
			);
			defaultConfigurationIsVisible = 0;
			defaultConfigurationName = Release;
		};
		47C6717A194FCEFB00F29BB8 /* Build configuration list for PBXNativeTarget "Custom-2048Tests" */ = {
			isa = XCConfigurationList;
			buildConfigurations = (
				47C6717B194FCEFB00F29BB8 /* Debug */,
				47C6717C194FCEFB00F29BB8 /* Release */,
			);
			defaultConfigurationIsVisible = 0;
			defaultConfigurationName = Release;
		};
/* End XCConfigurationList section */
	};
	rootObject = 47C67153194FCEFB00F29BB8 /* Project object */;
}
